Microsoft Visual Studio Solution File, Format Version 12.00
# Visual Studio Version 17
VisualStudioVersion = 17.5.2.0
MinimumVisualStudioVersion = 10.0.40219.1
Project("{FAE04EC0-301F-11D3-BF4B-00C04F79EFBC}") = "UnitTests", "UnitTests.csproj", "{EDC77108-F7C2-D452-A785-C6DC6D360489}"
EndProject
Global
	GlobalSection(SolutionConfigurationPlatforms) = preSolution
		Debug|Any CPU = Debug|Any CPU
		Release|Any CPU = Release|Any CPU
	EndGlobalSection
	GlobalSection(ProjectConfigurationPlatforms) = postSolution
		{EDC77108-F7C2-D452-A785-C6DC6D360489}.Debug|Any CPU.ActiveCfg = Debug|Any CPU
		{EDC77108-F7C2-D452-A785-C6DC6D360489}.Debug|Any CPU.Build.0 = Debug|Any CPU
		{EDC77108-F7C2-D452-A785-C6DC6D360489}.Release|Any CPU.ActiveCfg = Release|Any CPU
		{EDC77108-F7C2-D452-A785-C6DC6D360489}.Release|Any CPU.Build.0 = Release|Any CPU
	EndGlobalSection
	GlobalSection(SolutionProperties) = preSolution
		HideSolutionNode = FALSE
	EndGlobalSection
	GlobalSection(ExtensibilityGlobals) = postSolution
		SolutionGuid = {8CC0E36A-DE4C-4436-9F63-0D6AF3700073}
	EndGlobalSection
EndGlobal
